
Microsoft Visual Studio Solution File, Format Version 11.00
# Visual Basic Express 2010
Project("{F184B08F-C81C-45F6-A57F-5ABD9991F28F}") = "InterimScales", "InterimScales\InterimScales.vbproj", "{0D60CFD7-439E-4540-81F2-83F33A99F55D}"
EndProject
Global
	GlobalSection(SolutionConfigurationPlatforms) = preSolution
		Debug|x86 = Debug|x86
		Release|x86 = Release|x86
	EndGlobalSection
	GlobalSection(ProjectConfigurationPlatforms) = postSolution
		{0D60CFD7-439E-4540-81F2-83F33A99F55D}.Debug|x86.ActiveCfg = Debug|x86
		{0D60CFD7-439E-4540-81F2-83F33A99F55D}.Debug|x86.Build.0 = Debug|x86
		{0D60CFD7-439E-4540-81F2-83F33A99F55D}.Release|x86.ActiveCfg = Release|x86
		{0D60CFD7-439E-4540-81F2-83F33A99F55D}.Release|x86.Build.0 = Release|x86
	EndGlobalSection
	GlobalSection(SolutionProperties) = preSolution
		HideSolutionNode = FALSE
	EndGlobalSection
EndGlobal
